
Microsoft Visual Studio Solution File, Format Version 12.00
# Visual Studio Version 17
VisualStudioVersion = 17.1.32210.238
MinimumVisualStudioVersion = 10.0.40219.1
Project("{FAE04EC0-301F-11D3-BF4B-00C04F79EFBC}") = "task-2", "task-2\task-2.csproj", "{6A5E2A80-FD02-49BA-809F-5BA6933DB51D}"
EndProject
Global
	GlobalSection(SolutionConfigurationPlatforms) = preSolution
		Debug|Any CPU = Debug|Any CPU
		Release|Any CPU = Release|Any CPU
	EndGlobalSection
	GlobalSection(ProjectConfigurationPlatforms) = postSolution
		{6A5E2A80-FD02-49BA-809F-5BA6933DB51D}.Debug|Any CPU.ActiveCfg = Debug|Any CPU
		{6A5E2A80-FD02-49BA-809F-5BA6933DB51D}.Debug|Any CPU.Build.0 = Debug|Any CPU
		{6A5E2A80-FD02-49BA-809F-5BA6933DB51D}.Release|Any CPU.ActiveCfg = Release|Any CPU
		{6A5E2A80-FD02-49BA-809F-5BA6933DB51D}.Release|Any CPU.Build.0 = Release|Any CPU
	EndGlobalSection
	GlobalSection(SolutionProperties) = preSolution
		HideSolutionNode = FALSE
	EndGlobalSection
	GlobalSection(ExtensibilityGlobals) = postSolution
		SolutionGuid = {B710509B-5AF4-4818-9089-409E8F4ADBB4}
	EndGlobalSection
EndGlobal
